// !$*UTF8*$!
{
	archiveVersion = 1;
	classes = {
	};
	objectVersion = 50;
	objects = {

/* Begin PBXBuildFile section */
		2924C4A6233C911A006C0D91 /* Node.swift in Sources */ = {isa = PBXBuildFile; fileRef = 2924C4A5233C911A006C0D91 /* Node.swift */; };
		299DCE2A2339F27800A2AF8D /* AppDelegate.swift in Sources */ = {isa = PBXBuildFile; fileRef = 299DCE292339F27800A2AF8D /* AppDelegate.swift */; };
		299DCE2C2339F27800A2AF8D /* SceneDelegate.swift in Sources */ = {isa = PBXBuildFile; fileRef = 299DCE2B2339F27800A2AF8D /* SceneDelegate.swift */; };
		299DCE2E2339F27800A2AF8D /* ViewController.swift in Sources */ = {isa = PBXBuildFile; fileRef = 299DCE2D2339F27800A2AF8D /* ViewController.swift */; };
		299DCE312339F27800A2AF8D /* Main.storyboard in Resources */ = {isa = PBXBuildFile; fileRef = 299DCE2F2339F27800A2AF8D /* Main.storyboard */; };
		299DCE332339F28800A2AF8D /* Assets.xcassets in Resources */ = {isa = PBXBuildFile; fileRef = 299DCE322339F28800A2AF8D /* Assets.xcassets */; };
		299DCE362339F28800A2AF8D /* LaunchScreen.storyboard in Resources */ = {isa = PBXBuildFile; fileRef = 299DCE342339F28800A2AF8D /* LaunchScreen.storyboard */; };
		299DCE3E2339F4B600A2AF8D /* Extensions.swift in Sources */ = {isa = PBXBuildFile; fileRef = 299DCE3D2339F4B600A2AF8D /* Extensions.swift */; };
		299DCE412339FA0600A2AF8D /* AlertWithTextfield.swift in Sources */ = {isa = PBXBuildFile; fileRef = 299DCE402339FA0600A2AF8D /* AlertWithTextfield.swift */; };
		299DCE43233A49F600A2AF8D /* DynamicValueSet.swift in Sources */ = {isa = PBXBuildFile; fileRef = 299DCE42233A49F600A2AF8D /* DynamicValueSet.swift */; };
		299DCE46233A4AD900A2AF8D /* NDataSource.swift in Sources */ = {isa = PBXBuildFile; fileRef = 299DCE45233A4AD900A2AF8D /* NDataSource.swift */; };
		299DCE48233A4BEE00A2AF8D /* CustomFlowLayout.swift in Sources */ = {isa = PBXBuildFile; fileRef = 299DCE47233A4BEE00A2AF8D /* CustomFlowLayout.swift */; };
/* End PBXBuildFile section */

/* Begin PBXFileReference section */
		2924C4A5233C911A006C0D91 /* Node.swift */ = {isa = PBXFileReference; lastKnownFileType = sourcecode.swift; path = Node.swift; sourceTree = "<group>"; };
		299DCE262339F27800A2AF8D /* CollectionNxN.app */ = {isa = PBXFileReference; explicitFileType = wrapper.application; includeInIndex = 0; path = CollectionNxN.app; sourceTree = BUILT_PRODUCTS_DIR; };
		299DCE292339F27800A2AF8D /* AppDelegate.swift */ = {isa = PBXFileReference; lastKnownFileType = sourcecode.swift; path = AppDelegate.swift; sourceTree = "<group>"; };
		299DCE2B2339F27800A2AF8D /* SceneDelegate.swift */ = {isa = PBXFileReference; lastKnownFileType = sourcecode.swift; path = SceneDelegate.swift; sourceTree = "<group>"; };
		299DCE2D2339F27800A2AF8D /* ViewController.swift */ = {isa = PBXFileReference; lastKnownFileType = sourcecode.swift; path = ViewController.swift; sourceTree = "<group>"; };
		299DCE302339F27800A2AF8D /* Base */ = {isa = PBXFileReference; lastKnownFileType = file.storyboard; name = Base; path = Base.lproj/Main.storyboard; sourceTree = "<group>"; };
		299DCE322339F28800A2AF8D /* Assets.xcassets */ = {isa = PBXFileReference; lastKnownFileType = folder.assetcatalog; path = Assets.xcassets; sourceTree = "<group>"; };
		299DCE352339F28800A2AF8D /* Base */ = {isa = PBXFileReference; lastKnownFileType = file.storyboard; name = Base; path = Base.lproj/LaunchScreen.storyboard; sourceTree = "<group>"; };
		299DCE372339F28800A2AF8D /* Info.plist */ = {isa = PBXFileReference; lastKnownFileType = text.plist.xml; path = Info.plist; sourceTree = "<group>"; };
		299DCE3D2339F4B600A2AF8D /* Extensions.swift */ = {isa = PBXFileReference; lastKnownFileType = sourcecode.swift; path = Extensions.swift; sourceTree = "<group>"; };
		299DCE402339FA0600A2AF8D /* AlertWithTextfield.swift */ = {isa = PBXFileReference; lastKnownFileType = sourcecode.swift; path = AlertWithTextfield.swift; sourceTree = "<group>"; };
		299DCE42233A49F600A2AF8D /* DynamicValueSet.swift */ = {isa = PBXFileReference; lastKnownFileType = sourcecode.swift; path = DynamicValueSet.swift; sourceTree = "<group>"; };
		299DCE45233A4AD900A2AF8D /* NDataSource.swift */ = {isa = PBXFileReference; lastKnownFileType = sourcecode.swift; path = NDataSource.swift; sourceTree = "<group>"; };
		299DCE47233A4BEE00A2AF8D /* CustomFlowLayout.swift */ = {isa = PBXFileReference; lastKnownFileType = sourcecode.swift; path = CustomFlowLayout.swift; sourceTree = "<group>"; };
/* End PBXFileReference section */

/* Begin PBXFrameworksBuildPhase section */
		299DCE232339F27800A2AF8D /* Frameworks */ = {
			isa = PBXFrameworksBuildPhase;
			buildActionMask = 2147483647;
			files = (
			);
			runOnlyForDeploymentPostprocessing = 0;
		};
/* End PBXFrameworksBuildPhase section */

/* Begin PBXGroup section */
		299DCE1D2339F27800A2AF8D = {
			isa = PBXGroup;
			children = (
				299DCE282339F27800A2AF8D /* CollectionNxN */,
				299DCE272339F27800A2AF8D /* Products */,
			);
			sourceTree = "<group>";
		};
		299DCE272339F27800A2AF8D /* Products */ = {
			isa = PBXGroup;
			children = (
				299DCE262339F27800A2AF8D /* CollectionNxN.app */,
			);
			name = Products;
			sourceTree = "<group>";
		};
		299DCE282339F27800A2AF8D /* CollectionNxN */ = {
			isa = PBXGroup;
			children = (
				299DCE292339F27800A2AF8D /* AppDelegate.swift */,
				299DCE2B2339F27800A2AF8D /* SceneDelegate.swift */,
				299DCE49233A4E6500A2AF8D /* Controller */,
				299DCE44233A4A0D00A2AF8D /* Model */,
				299DCE3F2339F9CE00A2AF8D /* Utility */,
				299DCE2F2339F27800A2AF8D /* Main.storyboard */,
				299DCE322339F28800A2AF8D /* Assets.xcassets */,
				299DCE342339F28800A2AF8D /* LaunchScreen.storyboard */,
				299DCE372339F28800A2AF8D /* Info.plist */,
			);
			path = CollectionNxN;
			sourceTree = "<group>";
		};
		299DCE3F2339F9CE00A2AF8D /* Utility */ = {
			isa = PBXGroup;
			children = (
				299DCE3D2339F4B600A2AF8D /* Extensions.swift */,
				299DCE402339FA0600A2AF8D /* AlertWithTextfield.swift */,
			);
			path = Utility;
			sourceTree = "<group>";
		};
		299DCE44233A4A0D00A2AF8D /* Model */ = {
			isa = PBXGroup;
			children = (
				299DCE42233A49F600A2AF8D /* DynamicValueSet.swift */,
				299DCE45233A4AD900A2AF8D /* NDataSource.swift */,
				299DCE47233A4BEE00A2AF8D /* CustomFlowLayout.swift */,
				2924C4A5233C911A006C0D91 /* Node.swift */,
			);
			path = Model;
			sourceTree = "<group>";
		};
		299DCE49233A4E6500A2AF8D /* Controller */ = {
			isa = PBXGroup;
			children = (
				299DCE2D2339F27800A2AF8D /* ViewController.swift */,
			);
			path = Controller;
			sourceTree = "<group>";
		};
/* End PBXGroup section */

/* Begin PBXNativeTarget section */
		299DCE252339F27800A2AF8D /* CollectionNxN */ = {
			isa = PBXNativeTarget;
			buildConfigurationList = 299DCE3A2339F28800A2AF8D /* Build configuration list for PBXNativeTarget "CollectionNxN" */;
			buildPhases = (
				299DCE222339F27800A2AF8D /* Sources */,
				299DCE232339F27800A2AF8D /* Frameworks */,
				299DCE242339F27800A2AF8D /* Resources */,
			);
			buildRules = (
			);
			dependencies = (
			);
			name = CollectionNxN;
			productName = CollectionNxN;
			productReference = 299DCE262339F27800A2AF8D /* CollectionNxN.app */;
			productType = "com.apple.product-type.application";
		};
/* End PBXNativeTarget section */

/* Begin PBXProject section */
		299DCE1E2339F27800A2AF8D /* Project object */ = {
			isa = PBXProject;
			attributes = {
				LastSwiftUpdateCheck = 1100;
				LastUpgradeCheck = 1100;
				ORGANIZATIONNAME = Aravind;
				TargetAttributes = {
					299DCE252339F27800A2AF8D = {
						CreatedOnToolsVersion = 11.0;
					};
				};
			};
			buildConfigurationList = 299DCE212339F27800A2AF8D /* Build configuration list for PBXProject "CollectionNxN" */;
			compatibilityVersion = "Xcode 9.3";
			developmentRegion = en;
			hasScannedForEncodings = 0;
			knownRegions = (
				en,
				Base,
			);
			mainGroup = 299DCE1D2339F27800A2AF8D;
			productRefGroup = 299DCE272339F27800A2AF8D /* Products */;
			projectDirPath = "";
			projectRoot = "";
			targets = (
				299DCE252339F27800A2AF8D /* CollectionNxN */,
			);
		};
/* End PBXProject section */

/* Begin PBXResourcesBuildPhase section */
		299DCE242339F27800A2AF8D /* Resources */ = {
			isa = PBXResourcesBuildPhase;
			buildActionMask = 2147483647;
			files = (
				299DCE362339F28800A2AF8D /* LaunchScreen.storyboard in Resources */,
				299DCE332339F28800A2AF8D /* Assets.xcassets in Resources */,
				299DCE312339F27800A2AF8D /* Main.storyboard in Resources */,
			);
			runOnlyForDeploymentPostprocessing = 0;
		};
/* End PBXResourcesBuildPhase section */

/* Begin PBXSourcesBuildPhase section */
		299DCE222339F27800A2AF8D /* Sources */ = {
			isa = PBXSourcesBuildPhase;
			buildActionMask = 2147483647;
			files = (
				299DCE2E2339F27800A2AF8D /* ViewController.swift in Sources */,
				2924C4A6233C911A006C0D91 /* Node.swift in Sources */,
				299DCE412339FA0600A2AF8D /* AlertWithTextfield.swift in Sources */,
				299DCE48233A4BEE00A2AF8D /* CustomFlowLayout.swift in Sources */,
				299DCE43233A49F600A2AF8D /* DynamicValueSet.swift in Sources */,
				299DCE2A2339F27800A2AF8D /* AppDelegate.swift in Sources */,
				299DCE46233A4AD900A2AF8D /* NDataSource.swift in Sources */,
				299DCE2C2339F27800A2AF8D /* SceneDelegate.swift in Sources */,
				299DCE3E2339F4B600A2AF8D /* Extensions.swift in Sources */,
			);
			runOnlyForDeploymentPostprocessing = 0;
		};
/* End PBXSourcesBuildPhase section */

/* Begin PBXVariantGroup section */
		299DCE2F2339F27800A2AF8D /* Main.storyboard */ = {
			isa = PBXVariantGroup;
			children = (
				299DCE302339F27800A2AF8D /* Base */,
			);
			name = Main.storyboard;
			sourceTree = "<group>";
		};
		299DCE342339F28800A2AF8D /* LaunchScreen.storyboard */ = {
			isa = PBXVariantGroup;
			children = (
				299DCE352339F28800A2AF8D /* Base */,
			);
			name = LaunchScreen.storyboard;
			sourceTree = "<group>";
		};
/* End PBXVariantGroup section */

/* Begin XCBuildConfiguration section */
		299DCE382339F28800A2AF8D /* Debug */ = {
			isa = XCBuildConfiguration;
			buildSettings = {
				ALWAYS_SEARCH_USER_PATHS = NO;
				CLANG_ANALYZER_NONNULL = YES;
				CLANG_ANALYZER_NUMBER_OBJECT_CONVERSION = YES_AGGRESSIVE;
				CLANG_CXX_LANGUAGE_STANDARD = "gnu++14";
				CLANG_CXX_LIBRARY = "libc++";
				CLANG_ENABLE_MODULES = YES;
				CLANG_ENABLE_OBJC_ARC = YES;
				CLANG_ENABLE_OBJC_WEAK = YES;
				CLANG_WARN_BLOCK_CAPTURE_AUTORELEASING = YES;
				CLANG_WARN_BOOL_CONVERSION = YES;
				CLANG_WARN_COMMA = YES;
				CLANG_WARN_CONSTANT_CONVERSION = YES;
				CLANG_WARN_DEPRECATED_OBJC_IMPLEMENTATIONS = YES;
				CLANG_WARN_DIRECT_OBJC_ISA_USAGE = YES_ERROR;
				CLANG_WARN_DOCUMENTATION_COMMENTS = YES;
				CLANG_WARN_EMPTY_BODY = YES;
				CLANG_WARN_ENUM_CONVERSION = YES;
				CLANG_WARN_INFINITE_RECURSION = YES;
				CLANG_WARN_INT_CONVERSION = YES;
				CLANG_WARN_NON_LITERAL_NULL_CONVERSION = YES;
				CLANG_WARN_OBJC_IMPLICIT_RETAIN_SELF = YES;
				CLANG_WARN_OBJC_LITERAL_CONVERSION = YES;
				CLANG_WARN_OBJC_ROOT_CLASS = YES_ERROR;
				CLANG_WARN_RANGE_LOOP_ANALYSIS = YES;
				CLANG_WARN_STRICT_PROTOTYPES = YES;
				CLANG_WARN_SUSPICIOUS_MOVE = YES;
				CLANG_WARN_UNGUARDED_AVAILABILITY = YES_AGGRESSIVE;
				CLANG_WARN_UNREACHABLE_CODE = YES;
				CLANG_WARN__DUPLICATE_METHOD_MATCH = YES;
				COPY_PHASE_STRIP = NO;
				DEBUG_INFORMATION_FORMAT = dwarf;
				ENABLE_STRICT_OBJC_MSGSEND = YES;
				ENABLE_TESTABILITY = YES;
				GCC_C_LANGUAGE_STANDARD = gnu11;
				GCC_DYNAMIC_NO_PIC = NO;
				GCC_NO_COMMON_BLOCKS = YES;
				GCC_OPTIMIZATION_LEVEL = 0;
				GCC_PREPROCESSOR_DEFINITIONS = (
					"DEBUG=1",
					"$(inherited)",
				);
				GCC_WARN_64_TO_32_BIT_CONVERSION = YES;
				GCC_WARN_ABOUT_RETURN_TYPE = YES_ERROR;
				GCC_WARN_UNDECLARED_SELECTOR = YES;
				GCC_WARN_UNINITIALIZED_AUTOS = YES_AGGRESSIVE;
				GCC_WARN_UNUSED_FUNCTION = YES;
				GCC_WARN_UNUSED_VARIABLE = YES;
				IPHONEOS_DEPLOYMENT_TARGET = 13.0;
				MTL_ENABLE_DEBUG_INFO = INCLUDE_SOURCE;
				MTL_FAST_MATH = YES;
				ONLY_ACTIVE_ARCH = YES;
				SDKROOT = iphoneos;
				SWIFT_ACTIVE_COMPILATION_CONDITIONS = DEBUG;
				SWIFT_OPTIMIZATION_LEVEL = "-Onone";
			};
			name = Debug;
		};
		299DCE392339F28800A2AF8D /* Release */ = {
			isa = XCBuildConfiguration;
			buildSettings = {
				ALWAYS_SEARCH_USER_PATHS = NO;
				CLANG_ANALYZER_NONNULL = YES;
				CLANG_ANALYZER_NUMBER_OBJECT_CONVERSION = YES_AGGRESSIVE;
				CLANG_CXX_LANGUAGE_STANDARD = "gnu++14";
				CLANG_CXX_LIBRARY = "libc++";
				CLANG_ENABLE_MODULES = YES;
				CLANG_ENABLE_OBJC_ARC = YES;
				CLANG_ENABLE_OBJC_WEAK = YES;
				CLANG_WARN_BLOCK_CAPTURE_AUTORELEASING = YES;
				CLANG_WARN_BOOL_CONVERSION = YES;
				CLANG_WARN_COMMA = YES;
				CLANG_WARN_CONSTANT_CONVERSION = YES;
				CLANG_WARN_DEPRECATED_OBJC_IMPLEMENTATIONS = YES;
				CLANG_WARN_DIRECT_OBJC_ISA_USAGE = YES_ERROR;
				CLANG_WARN_DOCUMENTATION_COMMENTS = YES;
				CLANG_WARN_EMPTY_BODY = YES;
				CLANG_WARN_ENUM_CONVERSION = YES;
				CLANG_WARN_INFINITE_RECURSION = YES;
				CLANG_WARN_INT_CONVERSION = YES;
				CLANG_WARN_NON_LITERAL_NULL_CONVERSION = YES;
				CLANG_WARN_OBJC_IMPLICIT_RETAIN_SELF = YES;
				CLANG_WARN_OBJC_LITERAL_CONVERSION = YES;
				CLANG_WARN_OBJC_ROOT_CLASS = YES_ERROR;
				CLANG_WARN_RANGE_LOOP_ANALYSIS = YES;
				CLANG_WARN_STRICT_PROTOTYPES = YES;
				CLANG_WARN_SUSPICIOUS_MOVE = YES;
				CLANG_WARN_UNGUARDED_AVAILABILITY = YES_AGGRESSIVE;
				CLANG_WARN_UNREACHABLE_CODE = YES;
				CLANG_WARN__DUPLICATE_METHOD_MATCH = YES;
				COPY_PHASE_STRIP = NO;
				DEBUG_INFORMATION_FORMAT = "dwarf-with-dsym";
				ENABLE_NS_ASSERTIONS = NO;
				ENABLE_STRICT_OBJC_MSGSEND = YES;
				GCC_C_LANGUAGE_STANDARD = gnu11;
				GCC_NO_COMMON_BLOCKS = YES;
				GCC_WARN_64_TO_32_BIT_CONVERSION = YES;
				GCC_WARN_ABOUT_RETURN_TYPE = YES_ERROR;
				GCC_WARN_UNDECLARED_SELECTOR = YES;
				GCC_WARN_UNINITIALIZED_AUTOS = YES_AGGRESSIVE;
				GCC_WARN_UNUSED_FUNCTION = YES;
				GCC_WARN_UNUSED_VARIABLE = YES;
				IPHONEOS_DEPLOYMENT_TARGET = 13.0;
				MTL_ENABLE_DEBUG_INFO = NO;
				MTL_FAST_MATH = YES;
				SDKROOT = iphoneos;
				SWIFT_COMPILATION_MODE = wholemodule;
				SWIFT_OPTIMIZATION_LEVEL = "-O";
				VALIDATE_PRODUCT = YES;
			};
			name = Release;
		};
		299DCE3B2339F28800A2AF8D /* Debug */ = {
			isa = XCBuildConfiguration;
			buildSettings = {
				ASSETCATALOG_COMPILER_APPICON_NAME = AppIcon;
				CODE_SIGN_STYLE = Automatic;
				DEVELOPMENT_TEAM = FJL98GS683;
				INFOPLIST_FILE = CollectionNxN/Info.plist;
				LD_RUNPATH_SEARCH_PATHS = (
					"$(inherited)",
					"@executable_path/Frameworks",
				);
				PRODUCT_BUNDLE_IDENTIFIER = com.Richard.Xtrm;
				PRODUCT_NAME = "$(TARGET_NAME)";
				SWIFT_VERSION = 5.0;
				TARGETED_DEVICE_FAMILY = "1,2";
			};
			name = Debug;
		};
		299DCE3C2339F28800A2AF8D /* Release */ = {
			isa = XCBuildConfiguration;
			buildSettings = {
				ASSETCATALOG_COMPILER_APPICON_NAME = AppIcon;
				CODE_SIGN_STYLE = Automatic;
				DEVELOPMENT_TEAM = FJL98GS683;
				INFOPLIST_FILE = CollectionNxN/Info.plist;
				LD_RUNPATH_SEARCH_PATHS = (
					"$(inherited)",
					"@executable_path/Frameworks",
				);
				PRODUCT_BUNDLE_IDENTIFIER = com.Richard.Xtrm;
				PRODUCT_NAME = "$(TARGET_NAME)";
				SWIFT_VERSION = 5.0;
				TARGETED_DEVICE_FAMILY = "1,2";
			};
			name = Release;
		};
/* End XCBuildConfiguration section */

/* Begin XCConfigurationList section */
		299DCE212339F27800A2AF8D /* Build configuration list for PBXProject "CollectionNxN" */ = {
			isa = XCConfigurationList;
			buildConfigurations = (
				299DCE382339F28800A2AF8D /* Debug */,
				299DCE392339F28800A2AF8D /* Release */,
			);
			defaultConfigurationIsVisible = 0;
			defaultConfigurationName = Release;
		};
		299DCE3A2339F28800A2AF8D /* Build configuration list for PBXNativeTarget "CollectionNxN" */ = {
			isa = XCConfigurationList;
			buildConfigurations = (
				299DCE3B2339F28800A2AF8D /* Debug */,
				299DCE3C2339F28800A2AF8D /* Release */,
			);
			defaultConfigurationIsVisible = 0;
			defaultConfigurationName = Release;
		};
/* End XCConfigurationList section */
	};
	rootObject = 299DCE1E2339F27800A2AF8D /* Project object */;
}
